
Microsoft Visual Studio Solution File, Format Version 12.00
# Visual Studio Version 16
VisualStudioVersion = 16.0.31702.278
MinimumVisualStudioVersion = 10.0.40219.1
Project("{FAE04EC0-301F-11D3-BF4B-00C04F79EFBC}") = "tracker-bar-admin-api", "tracker-bar-admin-api\tracker-bar-admin-api.csproj", "{D4C844C0-E00B-4B1B-A4FA-158DBB9473CE}"
EndProject
Global
	GlobalSection(SolutionConfigurationPlatforms) = preSolution
		Debug|Any CPU = Debug|Any CPU
		Release|Any CPU = Release|Any CPU
	EndGlobalSection
	GlobalSection(ProjectConfigurationPlatforms) = postSolution
		{D4C844C0-E00B-4B1B-A4FA-158DBB9473CE}.Debug|Any CPU.ActiveCfg = Debug|Any CPU
		{D4C844C0-E00B-4B1B-A4FA-158DBB9473CE}.Debug|Any CPU.Build.0 = Debug|Any CPU
		{D4C844C0-E00B-4B1B-A4FA-158DBB9473CE}.Release|Any CPU.ActiveCfg = Release|Any CPU
		{D4C844C0-E00B-4B1B-A4FA-158DBB9473CE}.Release|Any CPU.Build.0 = Release|Any CPU
	EndGlobalSection
	GlobalSection(SolutionProperties) = preSolution
		HideSolutionNode = FALSE
	EndGlobalSection
	GlobalSection(ExtensibilityGlobals) = postSolution
		SolutionGuid = {885369E1-2D7B-4C56-9740-A8D1059835EC}
	EndGlobalSection
EndGlobal
